
Microsoft Visual Studio Solution File, Format Version 12.00
# Visual Studio Version 16
VisualStudioVersion = 16.0.31911.196
MinimumVisualStudioVersion = 10.0.40219.1
Project("{FAE04EC0-301F-11D3-BF4B-00C04F79EFBC}") = "OhMyPass", "OhMyPass\OhMyPass.csproj", "{26994D36-5726-4A46-969E-B04D48375AB9}"
EndProject
Global
	GlobalSection(SolutionConfigurationPlatforms) = preSolution
		Debug|Any CPU = Debug|Any CPU
		Debug|iPhone = Debug|iPhone
		Debug|iPhoneSimulator = Debug|iPhoneSimulator
		Release|Any CPU = Release|Any CPU
		Release|iPhone = Release|iPhone
		Release|iPhoneSimulator = Release|iPhoneSimulator
	EndGlobalSection
	GlobalSection(ProjectConfigurationPlatforms) = postSolution
		{26994D36-5726-4A46-969E-B04D48375AB9}.Debug|Any CPU.ActiveCfg = Debug|Any CPU
		{26994D36-5726-4A46-969E-B04D48375AB9}.Debug|Any CPU.Build.0 = Debug|Any CPU
		{26994D36-5726-4A46-969E-B04D48375AB9}.Debug|iPhone.ActiveCfg = Debug|Any CPU
		{26994D36-5726-4A46-969E-B04D48375AB9}.Debug|iPhone.Build.0 = Debug|Any CPU
		{26994D36-5726-4A46-969E-B04D48375AB9}.Debug|iPhoneSimulator.ActiveCfg = Debug|Any CPU
		{26994D36-5726-4A46-969E-B04D48375AB9}.Debug|iPhoneSimulator.Build.0 = Debug|Any CPU
		{26994D36-5726-4A46-969E-B04D48375AB9}.Release|Any CPU.ActiveCfg = Release|Any CPU
		{26994D36-5726-4A46-969E-B04D48375AB9}.Release|Any CPU.Build.0 = Release|Any CPU
		{26994D36-5726-4A46-969E-B04D48375AB9}.Release|iPhone.ActiveCfg = Release|Any CPU
		{26994D36-5726-4A46-969E-B04D48375AB9}.Release|iPhone.Build.0 = Release|Any CPU
		{26994D36-5726-4A46-969E-B04D48375AB9}.Release|iPhoneSimulator.ActiveCfg = Release|Any CPU
		{26994D36-5726-4A46-969E-B04D48375AB9}.Release|iPhoneSimulator.Build.0 = Release|Any CPU
	EndGlobalSection
	GlobalSection(SolutionProperties) = preSolution
		HideSolutionNode = FALSE
	EndGlobalSection
	GlobalSection(ExtensibilityGlobals) = postSolution
		SolutionGuid = {4500B204-87C4-4EC7-852E-FDCB8F61F7F5}
	EndGlobalSection
EndGlobal
